
Microsoft Visual Studio Solution File, Format Version 12.00
# Visual Studio Version 17
VisualStudioVersion = 17.5.33502.453
MinimumVisualStudioVersion = 10.0.40219.1
Project("{FAE04EC0-301F-11D3-BF4B-00C04F79EFBC}") = "FunctionApp1", "FunctionApp1\FunctionApp1.csproj", "{F11BAA4D-FB87-4C1B-B7E5-C4D8D6554890}"
EndProject
Global
	GlobalSection(SolutionConfigurationPlatforms) = preSolution
		Debug|Any CPU = Debug|Any CPU
		Release|Any CPU = Release|Any CPU
	EndGlobalSection
	GlobalSection(ProjectConfigurationPlatforms) = postSolution
		{F11BAA4D-FB87-4C1B-B7E5-C4D8D6554890}.Debug|Any CPU.ActiveCfg = Debug|Any CPU
		{F11BAA4D-FB87-4C1B-B7E5-C4D8D6554890}.Debug|Any CPU.Build.0 = Debug|Any CPU
		{F11BAA4D-FB87-4C1B-B7E5-C4D8D6554890}.Release|Any CPU.ActiveCfg = Release|Any CPU
		{F11BAA4D-FB87-4C1B-B7E5-C4D8D6554890}.Release|Any CPU.Build.0 = Release|Any CPU
	EndGlobalSection
	GlobalSection(SolutionProperties) = preSolution
		HideSolutionNode = FALSE
	EndGlobalSection
	GlobalSection(ExtensibilityGlobals) = postSolution
		SolutionGuid = {53E388F5-222F-47E6-ABEB-4A7160461DD3}
	EndGlobalSection
EndGlobal
