
Microsoft Visual Studio Solution File, Format Version 12.00
# Visual Studio Version 17
VisualStudioVersion = 17.5.33502.453
MinimumVisualStudioVersion = 10.0.40219.1
Project("{9A19103F-16F7-4668-BE54-9A1E7A4F7556}") = "Capstone-UserManagement", "Capstone-UserManagement\Capstone-UserManagement.csproj", "{A56C82CE-1BD9-4A0B-9004-B0265B6BE105}"
EndProject
Project("{9A19103F-16F7-4668-BE54-9A1E7A4F7556}") = "Publicis.ReportHub.Framework", "Publicis.ReportHub.Framework\Publicis.ReportHub.Framework.csproj", "{0B900579-D410-4FF5-85BB-6A569E0D1657}"
EndProject
Global
	GlobalSection(SolutionConfigurationPlatforms) = preSolution
		Debug|Any CPU = Debug|Any CPU
		Release|Any CPU = Release|Any CPU
	EndGlobalSection
	GlobalSection(ProjectConfigurationPlatforms) = postSolution
		{A56C82CE-1BD9-4A0B-9004-B0265B6BE105}.Debug|Any CPU.ActiveCfg = Debug|Any CPU
		{A56C82CE-1BD9-4A0B-9004-B0265B6BE105}.Debug|Any CPU.Build.0 = Debug|Any CPU
		{A56C82CE-1BD9-4A0B-9004-B0265B6BE105}.Release|Any CPU.ActiveCfg = Release|Any CPU
		{A56C82CE-1BD9-4A0B-9004-B0265B6BE105}.Release|Any CPU.Build.0 = Release|Any CPU
		{0B900579-D410-4FF5-85BB-6A569E0D1657}.Debug|Any CPU.ActiveCfg = Debug|Any CPU
		{0B900579-D410-4FF5-85BB-6A569E0D1657}.Debug|Any CPU.Build.0 = Debug|Any CPU
		{0B900579-D410-4FF5-85BB-6A569E0D1657}.Release|Any CPU.ActiveCfg = Release|Any CPU
		{0B900579-D410-4FF5-85BB-6A569E0D1657}.Release|Any CPU.Build.0 = Release|Any CPU
	EndGlobalSection
	GlobalSection(SolutionProperties) = preSolution
		HideSolutionNode = FALSE
	EndGlobalSection
	GlobalSection(ExtensibilityGlobals) = postSolution
		SolutionGuid = {23B974CE-4A3C-4891-988A-ED489B244FBD}
	EndGlobalSection
EndGlobal
